<Solution>
  <Folder Name="/Solution Items/">
    <File Path=".gitignore" />
  </Folder>
  <Project Path="GeometryGuru.Aplication/GeometryGuru.Aplication.csproj" Id="a80179a1-1677-439a-a234-83952c91c7d8" />
  <Project Path="GeometryGuru.Client/GeometryGuru.Client.csproj" Id="36aa3486-4383-47a4-956c-a2df531b4e61" />
  <Project Path="GeometryGuru.Domain/GeometryGuru.Domain.csproj" Id="968c2faa-d30f-4a53-99fd-ddbe1bc8bac7" />
  <Project Path="GeometryGuru.Infrastucture/GeometryGuru.Infrastucture.csproj" Id="58622c83-5434-4ee1-80a1-8f9ab7637637" />
</Solution>
